
Microsoft Visual Studio Solution File, Format Version 12.00
# Visual Studio 15
VisualStudioVersion = 15.0.28307.329
MinimumVisualStudioVersion = 10.0.40219.1
Project("{FAE04EC0-301F-11D3-BF4B-00C04F79EFBC}") = "ConsoleApp2", "ConsoleApp2\ConsoleApp2.csproj", "{835D12A1-3675-439E-8CA5-FB41B40FDEC7}"
EndProject
Global
	GlobalSection(SolutionConfigurationPlatforms) = preSolution
		Debug|Any CPU = Debug|Any CPU
		Release|Any CPU = Release|Any CPU
	EndGlobalSection
	GlobalSection(ProjectConfigurationPlatforms) = postSolution
		{835D12A1-3675-439E-8CA5-FB41B40FDEC7}.Debug|Any CPU.ActiveCfg = Debug|Any CPU
		{835D12A1-3675-439E-8CA5-FB41B40FDEC7}.Debug|Any CPU.Build.0 = Debug|Any CPU
		{835D12A1-3675-439E-8CA5-FB41B40FDEC7}.Release|Any CPU.ActiveCfg = Release|Any CPU
		{835D12A1-3675-439E-8CA5-FB41B40FDEC7}.Release|Any CPU.Build.0 = Release|Any CPU
	EndGlobalSection
	GlobalSection(SolutionProperties) = preSolution
		HideSolutionNode = FALSE
	EndGlobalSection
	GlobalSection(ExtensibilityGlobals) = postSolution
		SolutionGuid = {37050C5F-C426-425C-AA8A-A766B00AF2EC}
	EndGlobalSection
EndGlobal
